Microsoft Visual Studio Solution File, Format Version 12.00
# Visual Studio Version 17
VisualStudioVersion = 17.5.2.0
MinimumVisualStudioVersion = 10.0.40219.1
Project("{FAE04EC0-301F-11D3-BF4B-00C04F79EFBC}") = "Microservices.Demo.Config.Server", "Microservices.Demo.Config.Server.csproj", "{EA11BE55-1035-1C7D-1832-52A3493112A8}"
EndProject
Global
	GlobalSection(SolutionConfigurationPlatforms) = preSolution
		Debug|Any CPU = Debug|Any CPU
		Release|Any CPU = Release|Any CPU
	EndGlobalSection
	GlobalSection(ProjectConfigurationPlatforms) = postSolution
		{EA11BE55-1035-1C7D-1832-52A3493112A8}.Debug|Any CPU.ActiveCfg = Debug|Any CPU
		{EA11BE55-1035-1C7D-1832-52A3493112A8}.Debug|Any CPU.Build.0 = Debug|Any CPU
		{EA11BE55-1035-1C7D-1832-52A3493112A8}.Release|Any CPU.ActiveCfg = Release|Any CPU
		{EA11BE55-1035-1C7D-1832-52A3493112A8}.Release|Any CPU.Build.0 = Release|Any CPU
	EndGlobalSection
	GlobalSection(SolutionProperties) = preSolution
		HideSolutionNode = FALSE
	EndGlobalSection
	GlobalSection(ExtensibilityGlobals) = postSolution
		SolutionGuid = {325C6858-25D5-462D-9DAF-665CCDDB7578}
	EndGlobalSection
EndGlobal
