Microsoft Visual Studio Solution File, Format Version 12.00
# Visual Studio Version 17
VisualStudioVersion = 17.5.2.0
MinimumVisualStudioVersion = 10.0.40219.1
Project("{FAE04EC0-301F-11D3-BF4B-00C04F79EFBC}") = "Microservices.Demo.Eureka.Server", "Microservices.Demo.Eureka.Server.csproj", "{C7774D80-3B3B-422F-602D-8FAF018D6D99}"
EndProject
Global
	GlobalSection(SolutionConfigurationPlatforms) = preSolution
		Debug|Any CPU = Debug|Any CPU
		Release|Any CPU = Release|Any CPU
	EndGlobalSection
	GlobalSection(ProjectConfigurationPlatforms) = postSolution
		{C7774D80-3B3B-422F-602D-8FAF018D6D99}.Debug|Any CPU.ActiveCfg = Debug|Any CPU
		{C7774D80-3B3B-422F-602D-8FAF018D6D99}.Debug|Any CPU.Build.0 = Debug|Any CPU
		{C7774D80-3B3B-422F-602D-8FAF018D6D99}.Release|Any CPU.ActiveCfg = Release|Any CPU
		{C7774D80-3B3B-422F-602D-8FAF018D6D99}.Release|Any CPU.Build.0 = Release|Any CPU
	EndGlobalSection
	GlobalSection(SolutionProperties) = preSolution
		HideSolutionNode = FALSE
	EndGlobalSection
	GlobalSection(ExtensibilityGlobals) = postSolution
		SolutionGuid = {EFA63F33-0F26-4DB5-9039-16150E60AC66}
	EndGlobalSection
EndGlobal
